{
  "version": 4,
  "terraform_version": "1.5.7",
  "serial": 19,
  "lineage": "d128f722-4359-b88c-2c21-aec195678e52",
  "outputs": {},
  "resources": [
    {
      "mode": "managed",
      "type": "google_api_gateway_api",
      "name": "api",
      "provider": "provider[\"registry.terraform.io/hashicorp/google-beta\"]",
      "instances": [
        {
          "schema_version": 0,
          "attributes": {
            "api_id": "backend-api-gw",
            "create_time": "2026-02-10T13:36:09.561412639Z",
            "display_name": "backend-api-gw",
            "effective_labels": {},
            "id": "projects/sudharshan-480715/locations/global/apis/backend-api-gw",
            "labels": {},
            "managed_service": "backend-api-gw-1lqjasrj435um.apigateway.sudharshan-480715.cloud.goog",
            "name": "projects/sudharshan-480715/locations/global/apis/backend-api-gw",
            "project": "sudharshan-480715",
            "terraform_labels": {},
            "timeouts": null
          },
          "sensitive_attributes": [],
          "private": "eyJlMmJmYjczMC1lY2FhLTExZTYtOGY4OC0zNDM2M2JjN2M0YzAiOnsiY3JlYXRlIjoxMjAwMDAwMDAwMDAwLCJkZWxldGUiOjEyMDAwMDAwMDAwMDAsInVwZGF0ZSI6MTIwMDAwMDAwMDAwMH0sInNjaGVtYV92ZXJzaW9uIjoiMCJ9"
        }
      ]
    },
    {
      "mode": "managed",
      "type": "google_api_gateway_api_config",
      "name": "config",
      "provider": "provider[\"registry.terraform.io/hashicorp/google-beta\"]",
      "instances": [
        {
          "schema_version": 0,
          "attributes": {
            "api": "backend-api-gw",
            "api_config_id": "terraform-20260210150139807400000001",
            "api_config_id_prefix": null,
            "display_name": "terraform-20260210150139807400000001",
            "effective_labels": {},
            "gateway_config": [
              {
                "backend_config": [
                  {
                    "google_service_account": "apigw-sa@sudharshan-480715.iam.gserviceaccount.com"
                  }
                ]
              }
            ],
            "grpc_services": [],
            "id": "projects/sudharshan-480715/locations/global/apis/backend-api-gw/configs/terraform-20260210150139807400000001",
            "labels": {},
            "managed_service_configs": [],
            "name": "projects/850202233476/locations/global/apis/backend-api-gw/configs/terraform-20260210150139807400000001",
            "openapi_documents": [
              {
                "document": [
                  {
                    "contents": "c3dhZ2dlcjogIjIuMCIKaW5mbzoKICB0aXRsZTogYmFja2VuZC1hcGkKICB2ZXJzaW9uOiAxLjAuMAoKc2NoZW1lczoKICAtIGh0dHBzCgpwYXRoczoKICAvOgogICAgZ2V0OgogICAgICBvcGVyYXRpb25JZDogcm9vdAogICAgICB4LWdvb2dsZS1iYWNrZW5kOgogICAgICAgIGFkZHJlc3M6IGh0dHBzOi8vYmFja2VuZC1hcGktODUwMjAyMjMzNDc2LnVzLWNlbnRyYWwxLnJ1bi5hcHAKICAgICAgICBwcm90b2NvbDogaDIKICAgICAgc2VjdXJpdHk6CiAgICAgICAgLSBnb29nbGVfaWRfdG9rZW46IFtdCiAgICAgIHJlc3BvbnNlczoKICAgICAgICAiMjAwIjoKICAgICAgICAgIGRlc2NyaXB0aW9uOiBPSwoKc2VjdXJpdHlEZWZpbml0aW9uczoKICBnb29nbGVfaWRfdG9rZW46CiAgICB0eXBlOiBvYXV0aDIKICAgIGZsb3c6IGltcGxpY2l0CiAgICBhdXRob3JpemF0aW9uVXJsOiAiIgogICAgeC1nb29nbGUtaXNzdWVyOiAiaHR0cHM6Ly9hY2NvdW50cy5nb29nbGUuY29tIgogICAgeC1nb29nbGUtandrc191cmk6ICJodHRwczovL3d3dy5nb29nbGVhcGlzLmNvbS9vYXV0aDIvdjMvY2VydHMiCiAgICB4LWdvb2dsZS1hdWRpZW5jZXM6ICJodHRwczovL2JhY2tlbmQtZ2F0ZXdheS1hdWtzZ2h2by51Yy5nYXRld2F5LmRldiIKCg==",
                    "path": "openapi.yaml"
                  }
                ]
              }
            ],
            "project": "sudharshan-480715",
            "service_config_id": "terraform-20260210150139807400000001-00cikp7wd4gu7",
            "terraform_labels": {},
            "timeouts": null
          },
          "sensitive_attributes": [],
          "private": "eyJlMmJmYjczMC1lY2FhLTExZTYtOGY4OC0zNDM2M2JjN2M0YzAiOnsiY3JlYXRlIjoxMjAwMDAwMDAwMDAwLCJkZWxldGUiOjEyMDAwMDAwMDAwMDAsInVwZGF0ZSI6MTIwMDAwMDAwMDAwMH19",
          "dependencies": [
            "google_api_gateway_api.api",
            "google_service_account.apigw_sa"
          ]
        }
      ]
    },
    {
      "mode": "managed",
      "type": "google_api_gateway_gateway",
      "name": "gateway",
      "provider": "provider[\"registry.terraform.io/hashicorp/google-beta\"]",
      "instances": [
        {
          "schema_version": 0,
          "attributes": {
            "api_config": "projects/850202233476/locations/global/apis/backend-api-gw/configs/terraform-20260210150139807400000001",
            "default_hostname": "backend-gateway-auksghvo.uc.gateway.dev",
            "display_name": "backend-gateway",
            "effective_labels": {},
            "gateway_id": "backend-gateway",
            "id": "projects/sudharshan-480715/locations/us-central1/gateways/backend-gateway",
            "labels": {},
            "name": "projects/sudharshan-480715/locations/us-central1/gateways/backend-gateway",
            "project": "sudharshan-480715",
            "region": "us-central1",
            "terraform_labels": {},
            "timeouts": null
          },
          "sensitive_attributes": [],
          "private": "eyJlMmJmYjczMC1lY2FhLTExZTYtOGY4OC0zNDM2M2JjN2M0YzAiOnsiY3JlYXRlIjoxMjAwMDAwMDAwMDAwLCJkZWxldGUiOjEyMDAwMDAwMDAwMDAsInVwZGF0ZSI6MTIwMDAwMDAwMDAwMH19",
          "dependencies": [
            "google_api_gateway_api_config.config"
          ]
        }
      ]
    },
    {
      "mode": "managed",
      "type": "google_cloud_run_service",
      "name": "backend",
      "provider": "provider[\"registry.terraform.io/hashicorp/google\"]",
      "instances": [
        {
          "schema_version": 2,
          "attributes": {
            "autogenerate_revision_name": false,
            "id": "locations/us-central1/namespaces/sudharshan-480715/services/backend-api",
            "location": "us-central1",
            "metadata": [
              {
                "annotations": {},
                "effective_annotations": {
                  "run.googleapis.com/client-name": "gcloud",
                  "run.googleapis.com/client-version": "551.0.0",
                  "run.googleapis.com/ingress": "all",
                  "run.googleapis.com/ingress-status": "all",
                  "run.googleapis.com/maxScale": "3",
                  "run.googleapis.com/operation-id": "6c3de612-f76d-4ff4-bf1c-4aa18dcf24e0",
                  "run.googleapis.com/urls": "[\"https://backend-api-850202233476.us-central1.run.app\",\"https://backend-api-ef4cm5aguq-uc.a.run.app\"]",
                  "serving.knative.dev/creator": "sr0680474@gmail.com",
                  "serving.knative.dev/lastModifier": "sr0680474@gmail.com"
                },
                "effective_labels": {
                  "cloud.googleapis.com/location": "us-central1"
                },
                "generation": 1,
                "labels": {},
                "namespace": "sudharshan-480715",
                "resource_version": "AAZKeEKmtfw",
                "self_link": "/apis/serving.knative.dev/v1/namespaces/850202233476/services/backend-api",
                "terraform_labels": {},
                "uid": "a10df8c4-7c0b-4a42-90f3-d4f7513d9e24"
              }
            ],
            "name": "backend-api",
            "project": "sudharshan-480715",
            "status": [
              {
                "conditions": [
                  {
                    "message": "",
                    "reason": "",
                    "status": "True",
                    "type": "Ready"
                  },
                  {
                    "message": "",
                    "reason": "",
                    "status": "True",
                    "type": "ConfigurationsReady"
                  },
                  {
                    "message": "",
                    "reason": "",
                    "status": "True",
                    "type": "RoutesReady"
                  }
                ],
                "latest_created_revision_name": "backend-api-00001-6g8",
                "latest_ready_revision_name": "backend-api-00001-6g8",
                "observed_generation": 1,
                "traffic": [
                  {
                    "latest_revision": true,
                    "percent": 100,
                    "revision_name": "backend-api-00001-6g8",
                    "tag": "",
                    "url": ""
                  }
                ],
                "url": "https://backend-api-ef4cm5aguq-uc.a.run.app"
              }
            ],
            "template": [
              {
                "metadata": [
                  {
                    "annotations": {
                      "autoscaling.knative.dev/minScale": "1",
                      "run.googleapis.com/client-name": "gcloud",
                      "run.googleapis.com/client-version": "551.0.0",
                      "run.googleapis.com/startup-cpu-boost": "true"
                    },
                    "generation": 0,
                    "labels": {
                      "client.knative.dev/nonce": "klxhorcoer",
                      "run.googleapis.com/startupProbeType": "Default"
                    },
                    "name": "",
                    "namespace": "",
                    "resource_version": "",
                    "self_link": "",
                    "uid": ""
                  }
                ],
                "spec": [
                  {
                    "container_concurrency": 80,
                    "containers": [
                      {
                        "args": [],
                        "command": [],
                        "env": [],
                        "env_from": [],
                        "image": "us-central1-docker.pkg.dev/sudharshan-480715/backend-repo/python-backend:latest",
                        "liveness_probe": [],
                        "name": "",
                        "ports": [
                          {
                            "container_port": 8080,
                            "name": "http1",
                            "protocol": ""
                          }
                        ],
                        "resources": [
                          {
                            "limits": {
                              "cpu": "1000m",
                              "memory": "512Mi"
                            },
                            "requests": {}
                          }
                        ],
                        "startup_probe": [
                          {
                            "failure_threshold": 1,
                            "grpc": [],
                            "http_get": [],
                            "initial_delay_seconds": 0,
                            "period_seconds": 240,
                            "tcp_socket": [
                              {
                                "port": 8080
                              }
                            ],
                            "timeout_seconds": 240
                          }
                        ],
                        "volume_mounts": [],
                        "working_dir": ""
                      }
                    ],
                    "service_account_name": "cr-backend-sa@sudharshan-480715.iam.gserviceaccount.com",
                    "serving_state": "",
                    "timeout_seconds": 300,
                    "volumes": []
                  }
                ]
              }
            ],
            "timeouts": null,
            "traffic": [
              {
                "latest_revision": true,
                "percent": 100,
                "revision_name": "",
                "tag": "",
                "url": ""
              }
            ]
          },
          "sensitive_attributes": [],
          "private": "eyJlMmJmYjczMC1lY2FhLTExZTYtOGY4OC0zNDM2M2JjN2M0YzAiOnsiY3JlYXRlIjoxMjAwMDAwMDAwMDAwLCJkZWxldGUiOjEyMDAwMDAwMDAwMDAsInVwZGF0ZSI6MTIwMDAwMDAwMDAwMH0sInNjaGVtYV92ZXJzaW9uIjoiMiJ9",
          "dependencies": [
            "google_service_account.cloudrun_sa"
          ]
        }
      ]
    },
    {
      "mode": "managed",
      "type": "google_cloud_run_service_iam_member",
      "name": "invoker",
      "provider": "provider[\"registry.terraform.io/hashicorp/google\"]",
      "instances": []
    },
    {
      "mode": "managed",
      "type": "google_project_iam_member",
      "name": "cr_logs",
      "provider": "provider[\"registry.terraform.io/hashicorp/google\"]",
      "instances": [
        {
          "schema_version": 0,
          "attributes": {
            "condition": [],
            "etag": "BwZKeYkjuao=",
            "id": "sudharshan-480715/roles/logging.logWriter/serviceAccount:cr-backend-sa@sudharshan-480715.iam.gserviceaccount.com",
            "member": "serviceAccount:cr-backend-sa@sudharshan-480715.iam.gserviceaccount.com",
            "project": "sudharshan-480715",
            "role": "roles/logging.logWriter"
          },
          "sensitive_attributes": [],
          "private": "bnVsbA==",
          "dependencies": [
            "google_service_account.cloudrun_sa"
          ]
        }
      ]
    },
    {
      "mode": "managed",
      "type": "google_project_iam_member",
      "name": "cr_metrics",
      "provider": "provider[\"registry.terraform.io/hashicorp/google\"]",
      "instances": [
        {
          "schema_version": 0,
          "attributes": {
            "condition": [],
            "etag": "BwZKeYkjuao=",
            "id": "sudharshan-480715/roles/monitoring.metricWriter/serviceAccount:cr-backend-sa@sudharshan-480715.iam.gserviceaccount.com",
            "member": "serviceAccount:cr-backend-sa@sudharshan-480715.iam.gserviceaccount.com",
            "project": "sudharshan-480715",
            "role": "roles/monitoring.metricWriter"
          },
          "sensitive_attributes": [],
          "private": "bnVsbA==",
          "dependencies": [
            "google_service_account.cloudrun_sa"
          ]
        }
      ]
    },
    {
      "mode": "managed",
      "type": "google_service_account",
      "name": "apigw_sa",
      "provider": "provider[\"registry.terraform.io/hashicorp/google\"]",
      "instances": [
        {
          "schema_version": 0,
          "attributes": {
            "account_id": "apigw-sa",
            "create_ignore_already_exists": null,
            "description": "",
            "disabled": false,
            "display_name": "API Gateway Invoker SA",
            "email": "apigw-sa@sudharshan-480715.iam.gserviceaccount.com",
            "id": "projects/sudharshan-480715/serviceAccounts/apigw-sa@sudharshan-480715.iam.gserviceaccount.com",
            "member": "serviceAccount:apigw-sa@sudharshan-480715.iam.gserviceaccount.com",
            "name": "projects/sudharshan-480715/serviceAccounts/apigw-sa@sudharshan-480715.iam.gserviceaccount.com",
            "project": "sudharshan-480715",
            "timeouts": null,
            "unique_id": "116022032260140382116"
          },
          "sensitive_attributes": [],
          "private": "eyJlMmJmYjczMC1lY2FhLTExZTYtOGY4OC0zNDM2M2JjN2M0YzAiOnsiY3JlYXRlIjozMDAwMDAwMDAwMDB9LCJzY2hlbWFfdmVyc2lvbiI6IjAifQ=="
        }
      ]
    },
    {
      "mode": "managed",
      "type": "google_service_account",
      "name": "cloudrun_sa",
      "provider": "provider[\"registry.terraform.io/hashicorp/google\"]",
      "instances": [
        {
          "schema_version": 0,
          "attributes": {
            "account_id": "cr-backend-sa",
            "create_ignore_already_exists": null,
            "description": "",
            "disabled": false,
            "display_name": "Cloud Run Backend SA",
            "email": "cr-backend-sa@sudharshan-480715.iam.gserviceaccount.com",
            "id": "projects/sudharshan-480715/serviceAccounts/cr-backend-sa@sudharshan-480715.iam.gserviceaccount.com",
            "member": "serviceAccount:cr-backend-sa@sudharshan-480715.iam.gserviceaccount.com",
            "name": "projects/sudharshan-480715/serviceAccounts/cr-backend-sa@sudharshan-480715.iam.gserviceaccount.com",
            "project": "sudharshan-480715",
            "timeouts": null,
            "unique_id": "108684343361044363202"
          },
          "sensitive_attributes": [],
          "private": "eyJlMmJmYjczMC1lY2FhLTExZTYtOGY4OC0zNDM2M2JjN2M0YzAiOnsiY3JlYXRlIjozMDAwMDAwMDAwMDB9fQ=="
        }
      ]
    }
  ],
  "check_results": null
}
